# This file is automatically @generated by Cargo.
# It is not intended for manual editing.
[[package]]
name = "futures"
version = "0.1.17"
source = "registry+https://github.com/rust-lang/crates.io-index"
checksum = "118b49cac82e04121117cbd3121ede3147e885627d82c4546b87c702debb90c1"

[[package]]
name = "futures-cpupool"
version = "0.1.7"
source = "registry+https://github.com/rust-lang/crates.io-index"
checksum = "e86f49cc0d92fe1b97a5980ec32d56208272cbb00f15044ea9e2799dde766fdf"
dependencies = [
 "futures",
 "num_cpus",
]

[[package]]
name = "libc"
version = "0.2.33"
source = "registry+https://github.com/rust-lang/crates.io-index"
checksum = "5ba3df4dcb460b9dfbd070d41c94c19209620c191b0340b929ce748a2bcd42d2"

[[package]]
name = "num_cpus"
version = "1.7.0"
source = "registry+https://github.com/rust-lang/crates.io-index"
checksum = "514f0d73e64be53ff320680ca671b64fe3fb91da01e1ae2ddc99eb51d453b20d"
dependencies = [
 "libc",
]

[[package]]
name = "prime-timeout"
version = "0.1.0"
dependencies = [
 "futures",
 "futures-cpupool",
 "tokio-timer",
]

[[package]]
name = "slab"
version = "0.3.0"
source = "registry+https://github.com/rust-lang/crates.io-index"
checksum = "17b4fcaed89ab08ef143da37bc52adbcc04d4a69014f4c1208d6b51f0c47bc23"

[[package]]
name = "tokio-timer"
version = "0.1.2"
source = "registry+https://github.com/rust-lang/crates.io-index"
checksum = "6131e780037787ff1b3f8aad9da83bca02438b72277850dd6ad0d455e0e20efc"
dependencies = [
 "futures",
 "slab",
]
